// !$*UTF8*$!
{
	archiveVersion = 1;
	classes = {
	};
	objectVersion = 77;
	objects = {

/* Begin PBXBuildFile section */
		BF1D5FE02F39E958002DE60B /* Splash in Frameworks */ = {isa = PBXBuildFile; productRef = BF1D5FDF2F39E958002DE60B /* Splash */; };
		BF5826BF2F3A23A00035D267 /* Home in Frameworks */ = {isa = PBXBuildFile; productRef = BF5826BE2F3A23A00035D267 /* Home */; };
		BF5826C22F3A35830035D267 /* Kingfisher in Frameworks */ = {isa = PBXBuildFile; productRef = BF5826C12F3A35830035D267 /* Kingfisher */; };
/* End PBXBuildFile section */

/* Begin PBXContainerItemProxy section */
		BF2396A22F39B02C0085016E /* PBXContainerItemProxy */ = {
			isa = PBXContainerItemProxy;
			containerPortal = BF23968C2F39B02A0085016E /* Project object */;
			proxyType = 1;
			remoteGlobalIDString = BF2396932F39B02A0085016E;
			remoteInfo = Cinelex;
		};
		BF2396AC2F39B02C0085016E /* PBXContainerItemProxy */ = {
			isa = PBXContainerItemProxy;
			containerPortal = BF23968C2F39B02A0085016E /* Project object */;
			proxyType = 1;
			remoteGlobalIDString = BF2396932F39B02A0085016E;
			remoteInfo = Cinelex;
		};
/* End PBXContainerItemProxy section */

/* Begin PBXFileReference section */
		BF2396942F39B02A0085016E /* Cinelex.app */ = {isa = PBXFileReference; explicitFileType = wrapper.application; includeInIndex = 0; path = Cinelex.app; sourceTree = BUILT_PRODUCTS_DIR; };
		BF2396A12F39B02C0085016E /* CinelexTests.xctest */ = {isa = PBXFileReference; explicitFileType = wrapper.cfbundle; includeInIndex = 0; path = CinelexTests.xctest; sourceTree = BUILT_PRODUCTS_DIR; };
		BF2396AB2F39B02C0085016E /* CinelexUITests.xctest */ = {isa = PBXFileReference; explicitFileType = wrapper.cfbundle; includeInIndex = 0; path = CinelexUITests.xctest; sourceTree = BUILT_PRODUCTS_DIR; };
		BF2396CA2F39B0390085016E /* Cinelex.xcodeproj */ = {isa = PBXFileReference; lastKnownFileType = "wrapper.pb-project"; path = Cinelex.xcodeproj; sourceTree = "<group>"; };
		BF2397052F39B3460085016E /* Common */ = {isa = PBXFileReference; lastKnownFileType = wrapper; name = Common; path = Core/Common; sourceTree = SOURCE_ROOT; };
		BF2397062F39B3640085016E /* Model */ = {isa = PBXFileReference; lastKnownFileType = wrapper; name = Model; path = Core/Model; sourceTree = SOURCE_ROOT; };
		BF2397072F39B3780085016E /* Network */ = {isa = PBXFileReference; lastKnownFileType = wrapper; name = Network; path = Core/Network; sourceTree = SOURCE_ROOT; };
		BF2397082F39B3890085016E /* Design */ = {isa = PBXFileReference; lastKnownFileType = wrapper; name = Design; path = Core/Design; sourceTree = SOURCE_ROOT; };
		BF2397092F39B3A80085016E /* Navigation */ = {isa = PBXFileReference; lastKnownFileType = wrapper; name = Navigation; path = Core/Navigation; sourceTree = SOURCE_ROOT; };
		BF23970A2F39B4400085016E /* Database */ = {isa = PBXFileReference; lastKnownFileType = wrapper; name = Database; path = Core/Database; sourceTree = SOURCE_ROOT; };
		BF23970B2F39B4540085016E /* Data */ = {isa = PBXFileReference; lastKnownFileType = wrapper; name = Data; path = Core/Data; sourceTree = SOURCE_ROOT; };
		BF5826AC2F3A23350035D267 /* Home */ = {isa = PBXFileReference; lastKnownFileType = wrapper; name = Home; path = Feature/Home; sourceTree = SOURCE_ROOT; };
		BFD687452F3E19270081393D /* Details */ = {isa = PBXFileReference; lastKnownFileType = wrapper; name = Details; path = Feature/Details; sourceTree = SOURCE_ROOT; };
		BFDDD34C2F39E4EB0040B38B /* Splash */ = {isa = PBXFileReference; lastKnownFileType = wrapper; name = Splash; path = Feature/Splash; sourceTree = SOURCE_ROOT; };
/* End PBXFileReference section */

/* Begin PBXFileSystemSynchronizedBuildFileExceptionSet section */
		BFDDD33F2F39D7CB0040B38B /* Exceptions for "Cinelex" folder in "Cinelex" target */ = {
			isa = PBXFileSystemSynchronizedBuildFileExceptionSet;
			membershipExceptions = (
				Info.plist,
			);
			target = BF2396932F39B02A0085016E /* Cinelex */;
		};
/* End PBXFileSystemSynchronizedBuildFileExceptionSet section */

/* Begin PBXFileSystemSynchronizedRootGroup section */
		BF2396962F39B02A0085016E /* Cinelex */ = {
			isa = PBXFileSystemSynchronizedRootGroup;
			exceptions = (
				BFDDD33F2F39D7CB0040B38B /* Exceptions for "Cinelex" folder in "Cinelex" target */,
			);
			path = Cinelex;
			sourceTree = "<group>";
		};
		BF2396A42F39B02C0085016E /* CinelexTests */ = {
			isa = PBXFileSystemSynchronizedRootGroup;
			path = CinelexTests;
			sourceTree = "<group>";
		};
		BF2396AE2F39B02C0085016E /* CinelexUITests */ = {
			isa = PBXFileSystemSynchronizedRootGroup;
			path = CinelexUITests;
			sourceTree = "<group>";
		};
/* End PBXFileSystemSynchronizedRootGroup section */

/* Begin PBXFrameworksBuildPhase section */
		BF2396912F39B02A0085016E /* Frameworks */ = {
			isa = PBXFrameworksBuildPhase;
			buildActionMask = 2147483647;
			files = (
				BF5826C22F3A35830035D267 /* Kingfisher in Frameworks */,
				BF1D5FE02F39E958002DE60B /* Splash in Frameworks */,
				BF5826BF2F3A23A00035D267 /* Home in Frameworks */,
			);
			runOnlyForDeploymentPostprocessing = 0;
		};
		BF23969E2F39B02C0085016E /* Frameworks */ = {
			isa = PBXFrameworksBuildPhase;
			buildActionMask = 2147483647;
			files = (
			);
			runOnlyForDeploymentPostprocessing = 0;
		};
		BF2396A82F39B02C0085016E /* Frameworks */ = {
			isa = PBXFrameworksBuildPhase;
			buildActionMask = 2147483647;
			files = (
			);
			runOnlyForDeploymentPostprocessing = 0;
		};
/* End PBXFrameworksBuildPhase section */

/* Begin PBXGroup section */
		BF23968B2F39B02A0085016E = {
			isa = PBXGroup;
			children = (
				BF2396F02F39B2470085016E /* Feature */,
				BF2396EF2F39B23A0085016E /* Core */,
				BF2396962F39B02A0085016E /* Cinelex */,
				BF2396A42F39B02C0085016E /* CinelexTests */,
				BF2396AE2F39B02C0085016E /* CinelexUITests */,
				BFDDD2F02F39B6C90040B38B /* Frameworks */,
				BF2396952F39B02A0085016E /* Products */,
			);
			sourceTree = "<group>";
		};
		BF2396952F39B02A0085016E /* Products */ = {
			isa = PBXGroup;
			children = (
				BF2396942F39B02A0085016E /* Cinelex.app */,
				BF2396A12F39B02C0085016E /* CinelexTests.xctest */,
				BF2396AB2F39B02C0085016E /* CinelexUITests.xctest */,
			);
			name = Products;
			sourceTree = "<group>";
		};
		BF2396CB2F39B0390085016E /* Products */ = {
			isa = PBXGroup;
			children = (
			);
			name = Products;
			sourceTree = "<group>";
		};
		BF2396EF2F39B23A0085016E /* Core */ = {
			isa = PBXGroup;
			children = (
				BF23970B2F39B4540085016E /* Data */,
				BF23970A2F39B4400085016E /* Database */,
				BF2397072F39B3780085016E /* Network */,
				BF2397062F39B3640085016E /* Model */,
				BF2397092F39B3A80085016E /* Navigation */,
				BF2397082F39B3890085016E /* Design */,
				BF2397052F39B3460085016E /* Common */,
			);
			path = Core;
			sourceTree = "<group>";
		};
		BF2396F02F39B2470085016E /* Feature */ = {
			isa = PBXGroup;
			children = (
				BFD687452F3E19270081393D /* Details */,
				BF5826AC2F3A23350035D267 /* Home */,
				BFDDD34C2F39E4EB0040B38B /* Splash */,
			);
			path = Feature;
			sourceTree = "<group>";
		};
		BFDDD2F02F39B6C90040B38B /* Frameworks */ = {
			isa = PBXGroup;
			children = (
			);
			name = Frameworks;
			sourceTree = "<group>";
		};
/* End PBXGroup section */

/* Begin PBXNativeTarget section */
		BF2396932F39B02A0085016E /* Cinelex */ = {
			isa = PBXNativeTarget;
			buildConfigurationList = BF2396B52F39B02C0085016E /* Build configuration list for PBXNativeTarget "Cinelex" */;
			buildPhases = (
				BF2396902F39B02A0085016E /* Sources */,
				BF2396912F39B02A0085016E /* Frameworks */,
				BF2396922F39B02A0085016E /* Resources */,
				BFDDD3452F39E02D0040B38B /* SwiftLint Run Script */,
			);
			buildRules = (
			);
			dependencies = (
			);
			fileSystemSynchronizedGroups = (
				BF2396962F39B02A0085016E /* Cinelex */,
			);
			name = Cinelex;
			packageProductDependencies = (
				BF1D5FDF2F39E958002DE60B /* Splash */,
				BF5826BE2F3A23A00035D267 /* Home */,
				BF5826C12F3A35830035D267 /* Kingfisher */,
			);
			productName = Cinelex;
			productReference = BF2396942F39B02A0085016E /* Cinelex.app */;
			productType = "com.apple.product-type.application";
		};
		BF2396A02F39B02C0085016E /* CinelexTests */ = {
			isa = PBXNativeTarget;
			buildConfigurationList = BF2396B82F39B02C0085016E /* Build configuration list for PBXNativeTarget "CinelexTests" */;
			buildPhases = (
				BF23969D2F39B02C0085016E /* Sources */,
				BF23969E2F39B02C0085016E /* Frameworks */,
				BF23969F2F39B02C0085016E /* Resources */,
			);
			buildRules = (
			);
			dependencies = (
				BF2396A32F39B02C0085016E /* PBXTargetDependency */,
			);
			fileSystemSynchronizedGroups = (
				BF2396A42F39B02C0085016E /* CinelexTests */,
			);
			name = CinelexTests;
			packageProductDependencies = (
			);
			productName = CinelexTests;
			productReference = BF2396A12F39B02C0085016E /* CinelexTests.xctest */;
			productType = "com.apple.product-type.bundle.unit-test";
		};
		BF2396AA2F39B02C0085016E /* CinelexUITests */ = {
			isa = PBXNativeTarget;
			buildConfigurationList = BF2396BB2F39B02C0085016E /* Build configuration list for PBXNativeTarget "CinelexUITests" */;
			buildPhases = (
				BF2396A72F39B02C0085016E /* Sources */,
				BF2396A82F39B02C0085016E /* Frameworks */,
				BF2396A92F39B02C0085016E /* Resources */,
			);
			buildRules = (
			);
			dependencies = (
				BF2396AD2F39B02C0085016E /* PBXTargetDependency */,
			);
			fileSystemSynchronizedGroups = (
				BF2396AE2F39B02C0085016E /* CinelexUITests */,
			);
			name = CinelexUITests;
			packageProductDependencies = (
			);
			productName = CinelexUITests;
			productReference = BF2396AB2F39B02C0085016E /* CinelexUITests.xctest */;
			productType = "com.apple.product-type.bundle.ui-testing";
		};
/* End PBXNativeTarget section */

/* Begin PBXProject section */
		BF23968C2F39B02A0085016E /* Project object */ = {
			isa = PBXProject;
			attributes = {
				BuildIndependentTargetsInParallel = 1;
				LastSwiftUpdateCheck = 2620;
				LastUpgradeCheck = 2620;
				TargetAttributes = {
					BF2396932F39B02A0085016E = {
						CreatedOnToolsVersion = 26.2;
					};
					BF2396A02F39B02C0085016E = {
						CreatedOnToolsVersion = 26.2;
						TestTargetID = BF2396932F39B02A0085016E;
					};
					BF2396AA2F39B02C0085016E = {
						CreatedOnToolsVersion = 26.2;
						TestTargetID = BF2396932F39B02A0085016E;
					};
				};
			};
			buildConfigurationList = BF23968F2F39B02A0085016E /* Build configuration list for PBXProject "Cinelex" */;
			developmentRegion = en;
			hasScannedForEncodings = 0;
			knownRegions = (
				en,
				Base,
			);
			mainGroup = BF23968B2F39B02A0085016E;
			minimizedProjectReferenceProxies = 1;
			packageReferences = (
				BFDDD34B2F39E2D90040B38B /* XCRemoteSwiftPackageReference "SwiftLint" */,
				BF5826C02F3A35830035D267 /* XCRemoteSwiftPackageReference "Kingfisher" */,
			);
			preferredProjectObjectVersion = 77;
			productRefGroup = BF2396952F39B02A0085016E /* Products */;
			projectDirPath = "";
			projectReferences = (
				{
					ProductGroup = BF2396CB2F39B0390085016E /* Products */;
					ProjectRef = BF2396CA2F39B0390085016E /* Cinelex.xcodeproj */;
				},
			);
			projectRoot = "";
			targets = (
				BF2396932F39B02A0085016E /* Cinelex */,
				BF2396A02F39B02C0085016E /* CinelexTests */,
				BF2396AA2F39B02C0085016E /* CinelexUITests */,
			);
		};
/* End PBXProject section */

/* Begin PBXResourcesBuildPhase section */
		BF2396922F39B02A0085016E /* Resources */ = {
			isa = PBXResourcesBuildPhase;
			buildActionMask = 2147483647;
			files = (
			);
			runOnlyForDeploymentPostprocessing = 0;
		};
		BF23969F2F39B02C0085016E /* Resources */ = {
			isa = PBXResourcesBuildPhase;
			buildActionMask = 2147483647;
			files = (
			);
			runOnlyForDeploymentPostprocessing = 0;
		};
		BF2396A92F39B02C0085016E /* Resources */ = {
			isa = PBXResourcesBuildPhase;
			buildActionMask = 2147483647;
			files = (
			);
			runOnlyForDeploymentPostprocessing = 0;
		};
/* End PBXResourcesBuildPhase section */

/* Begin PBXShellScriptBuildPhase section */
		BFDDD3452F39E02D0040B38B /* SwiftLint Run Script */ = {
			isa = PBXShellScriptBuildPhase;
			alwaysOutOfDate = 1;
			buildActionMask = 2147483647;
			files = (
			);
			inputFileListPaths = (
			);
			inputPaths = (
			);
			name = "SwiftLint Run Script";
			outputFileListPaths = (
			);
			outputPaths = (
			);
			runOnlyForDeploymentPostprocessing = 0;
			shellPath = /bin/sh;
			shellScript = "# Type a script or drag a script file from your workspace to insert its path.\nif [[ \"$(uname -m)\" == arm64 ]]\nthen\n    export PATH=\"/opt/homebrew/bin:$PATH\"\nfi\n\nif command -v swiftlint >/dev/null 2>&1\nthen\n    swiftlint\nelse\n    echo \"warning: `swiftlint` command not found - See https://github.com/realm/SwiftLint#installation for installation instructions.\"\nfi\n";
		};
/* End PBXShellScriptBuildPhase section */

/* Begin PBXSourcesBuildPhase section */
		BF2396902F39B02A0085016E /* Sources */ = {
			isa = PBXSourcesBuildPhase;
			buildActionMask = 2147483647;
			files = (
			);
			runOnlyForDeploymentPostprocessing = 0;
		};
		BF23969D2F39B02C0085016E /* Sources */ = {
			isa = PBXSourcesBuildPhase;
			buildActionMask = 2147483647;
			files = (
			);
			runOnlyForDeploymentPostprocessing = 0;
		};
		BF2396A72F39B02C0085016E /* Sources */ = {
			isa = PBXSourcesBuildPhase;
			buildActionMask = 2147483647;
			files = (
			);
			runOnlyForDeploymentPostprocessing = 0;
		};
/* End PBXSourcesBuildPhase section */

/* Begin PBXTargetDependency section */
		BF2396A32F39B02C0085016E /* PBXTargetDependency */ = {
			isa = PBXTargetDependency;
			target = BF2396932F39B02A0085016E /* Cinelex */;
			targetProxy = BF2396A22F39B02C0085016E /* PBXContainerItemProxy */;
		};
		BF2396AD2F39B02C0085016E /* PBXTargetDependency */ = {
			isa = PBXTargetDependency;
			target = BF2396932F39B02A0085016E /* Cinelex */;
			targetProxy = BF2396AC2F39B02C0085016E /* PBXContainerItemProxy */;
		};
/* End PBXTargetDependency section */

/* Begin XCBuildConfiguration section */
		BF2396B32F39B02C0085016E /* Debug */ = {
			isa = XCBuildConfiguration;
			baseConfigurationReferenceAnchor = BF2396962F39B02A0085016E /* Cinelex */;
			baseConfigurationReferenceRelativePath = Config.xcconfig;
			buildSettings = {
				ALWAYS_SEARCH_USER_PATHS = NO;
				ASSETCATALOG_COMPILER_GENERATE_SWIFT_ASSET_SYMBOL_EXTENSIONS = YES;
				CLANG_ANALYZER_NONNULL = YES;
				CLANG_ANALYZER_NUMBER_OBJECT_CONVERSION = YES_AGGRESSIVE;
				CLANG_CXX_LANGUAGE_STANDARD = "gnu++20";
				CLANG_ENABLE_MODULES = YES;
				CLANG_ENABLE_OBJC_ARC = YES;
				CLANG_ENABLE_OBJC_WEAK = YES;
				CLANG_WARN_BLOCK_CAPTURE_AUTORELEASING = YES;
				CLANG_WARN_BOOL_CONVERSION = YES;
				CLANG_WARN_COMMA = YES;
				CLANG_WARN_CONSTANT_CONVERSION = YES;
				CLANG_WARN_DEPRECATED_OBJC_IMPLEMENTATIONS = YES;
				CLANG_WARN_DIRECT_OBJC_ISA_USAGE = YES_ERROR;
				CLANG_WARN_DOCUMENTATION_COMMENTS = YES;
				CLANG_WARN_EMPTY_BODY = YES;
				CLANG_WARN_ENUM_CONVERSION = YES;
				CLANG_WARN_INFINITE_RECURSION = YES;
				CLANG_WARN_INT_CONVERSION = YES;
				CLANG_WARN_NON_LITERAL_NULL_CONVERSION = YES;
				CLANG_WARN_OBJC_IMPLICIT_RETAIN_SELF = YES;
				CLANG_WARN_OBJC_LITERAL_CONVERSION = YES;
				CLANG_WARN_OBJC_ROOT_CLASS = YES_ERROR;
				CLANG_WARN_QUOTED_INCLUDE_IN_FRAMEWORK_HEADER = YES;
				CLANG_WARN_RANGE_LOOP_ANALYSIS = YES;
				CLANG_WARN_STRICT_PROTOTYPES = YES;
				CLANG_WARN_SUSPICIOUS_MOVE = YES;
				CLANG_WARN_UNGUARDED_AVAILABILITY = YES_AGGRESSIVE;
				CLANG_WARN_UNREACHABLE_CODE = YES;
				CLANG_WARN__DUPLICATE_METHOD_MATCH = YES;
				COPY_PHASE_STRIP = NO;
				DEBUG_INFORMATION_FORMAT = dwarf;
				DEVELOPMENT_TEAM = W3UM55KY7Y;
				ENABLE_STRICT_OBJC_MSGSEND = YES;
				ENABLE_TESTABILITY = YES;
				ENABLE_USER_SCRIPT_SANDBOXING = YES;
				GCC_C_LANGUAGE_STANDARD = gnu17;
				GCC_DYNAMIC_NO_PIC = NO;
				GCC_NO_COMMON_BLOCKS = YES;
				GCC_OPTIMIZATION_LEVEL = 0;
				GCC_PREPROCESSOR_DEFINITIONS = (
					"DEBUG=1",
					"$(inherited)",
				);
				GCC_WARN_64_TO_32_BIT_CONVERSION = YES;
				GCC_WARN_ABOUT_RETURN_TYPE = YES_ERROR;
				GCC_WARN_UNDECLARED_SELECTOR = YES;
				GCC_WARN_UNINITIALIZED_AUTOS = YES_AGGRESSIVE;
				GCC_WARN_UNUSED_FUNCTION = YES;
				GCC_WARN_UNUSED_VARIABLE = YES;
				IPHONEOS_DEPLOYMENT_TARGET = 26.2;
				LOCALIZATION_PREFERS_STRING_CATALOGS = YES;
				MTL_ENABLE_DEBUG_INFO = INCLUDE_SOURCE;
				MTL_FAST_MATH = YES;
				ONLY_ACTIVE_ARCH = YES;
				SDKROOT = iphoneos;
				SWIFT_ACTIVE_COMPILATION_CONDITIONS = "DEBUG $(inherited)";
				SWIFT_OPTIMIZATION_LEVEL = "-Onone";
			};
			name = Debug;
		};
		BF2396B42F39B02C0085016E /* Release */ = {
			isa = XCBuildConfiguration;
			baseConfigurationReferenceAnchor = BF2396962F39B02A0085016E /* Cinelex */;
			baseConfigurationReferenceRelativePath = Config.xcconfig;
			buildSettings = {
				ALWAYS_SEARCH_USER_PATHS = NO;
				ASSETCATALOG_COMPILER_GENERATE_SWIFT_ASSET_SYMBOL_EXTENSIONS = YES;
				CLANG_ANALYZER_NONNULL = YES;
				CLANG_ANALYZER_NUMBER_OBJECT_CONVERSION = YES_AGGRESSIVE;
				CLANG_CXX_LANGUAGE_STANDARD = "gnu++20";
				CLANG_ENABLE_MODULES = YES;
				CLANG_ENABLE_OBJC_ARC = YES;
				CLANG_ENABLE_OBJC_WEAK = YES;
				CLANG_WARN_BLOCK_CAPTURE_AUTORELEASING = YES;
				CLANG_WARN_BOOL_CONVERSION = YES;
				CLANG_WARN_COMMA = YES;
				CLANG_WARN_CONSTANT_CONVERSION = YES;
				CLANG_WARN_DEPRECATED_OBJC_IMPLEMENTATIONS = YES;
				CLANG_WARN_DIRECT_OBJC_ISA_USAGE = YES_ERROR;
				CLANG_WARN_DOCUMENTATION_COMMENTS = YES;
				CLANG_WARN_EMPTY_BODY = YES;
				CLANG_WARN_ENUM_CONVERSION = YES;
				CLANG_WARN_INFINITE_RECURSION = YES;
				CLANG_WARN_INT_CONVERSION = YES;
				CLANG_WARN_NON_LITERAL_NULL_CONVERSION = YES;
				CLANG_WARN_OBJC_IMPLICIT_RETAIN_SELF = YES;
				CLANG_WARN_OBJC_LITERAL_CONVERSION = YES;
				CLANG_WARN_OBJC_ROOT_CLASS = YES_ERROR;
				CLANG_WARN_QUOTED_INCLUDE_IN_FRAMEWORK_HEADER = YES;
				CLANG_WARN_RANGE_LOOP_ANALYSIS = YES;
				CLANG_WARN_STRICT_PROTOTYPES = YES;
				CLANG_WARN_SUSPICIOUS_MOVE = YES;
				CLANG_WARN_UNGUARDED_AVAILABILITY = YES_AGGRESSIVE;
				CLANG_WARN_UNREACHABLE_CODE = YES;
				CLANG_WARN__DUPLICATE_METHOD_MATCH = YES;
				COPY_PHASE_STRIP = NO;
				DEBUG_INFORMATION_FORMAT = "dwarf-with-dsym";
				DEVELOPMENT_TEAM = W3UM55KY7Y;
				ENABLE_NS_ASSERTIONS = NO;
				ENABLE_STRICT_OBJC_MSGSEND = YES;
				ENABLE_USER_SCRIPT_SANDBOXING = YES;
				GCC_C_LANGUAGE_STANDARD = gnu17;
				GCC_NO_COMMON_BLOCKS = YES;
				GCC_WARN_64_TO_32_BIT_CONVERSION = YES;
				GCC_WARN_ABOUT_RETURN_TYPE = YES_ERROR;
				GCC_WARN_UNDECLARED_SELECTOR = YES;
				GCC_WARN_UNINITIALIZED_AUTOS = YES_AGGRESSIVE;
				GCC_WARN_UNUSED_FUNCTION = YES;
				GCC_WARN_UNUSED_VARIABLE = YES;
				IPHONEOS_DEPLOYMENT_TARGET = 26.2;
				LOCALIZATION_PREFERS_STRING_CATALOGS = YES;
				MTL_ENABLE_DEBUG_INFO = NO;
				MTL_FAST_MATH = YES;
				SDKROOT = iphoneos;
				SWIFT_COMPILATION_MODE = wholemodule;
				VALIDATE_PRODUCT = YES;
			};
			name = Release;
		};
		BF2396B62F39B02C0085016E /* Debug */ = {
			isa = XCBuildConfiguration;
			baseConfigurationReferenceAnchor = BF2396962F39B02A0085016E /* Cinelex */;
			baseConfigurationReferenceRelativePath = Config.xcconfig;
			buildSettings = {
				ASSETCATALOG_COMPILER_APPICON_NAME = AppIcon;
				ASSETCATALOG_COMPILER_GLOBAL_ACCENT_COLOR_NAME = AccentColor;
				CODE_SIGN_STYLE = Automatic;
				CURRENT_PROJECT_VERSION = 1;
				DEVELOPMENT_TEAM = W3UM55KY7Y;
				ENABLE_PREVIEWS = YES;
				ENABLE_USER_SCRIPT_SANDBOXING = NO;
				GENERATE_INFOPLIST_FILE = YES;
				INFOPLIST_FILE = Cinelex/Info.plist;
				INFOPLIST_KEY_UIApplicationSceneManifest_Generation = YES;
				INFOPLIST_KEY_UIApplicationSupportsIndirectInputEvents = YES;
				INFOPLIST_KEY_UILaunchScreen_Generation = YES;
				INFOPLIST_KEY_UISupportedInterfaceOrientations = UIInterfaceOrientationPortrait;
				INFOPLIST_KEY_UISupportedInterfaceOrientations_iPad = "UIInterfaceOrientationLandscapeLeft UIInterfaceOrientationLandscapeRight UIInterfaceOrientationPortrait UIInterfaceOrientationPortraitUpsideDown";
				IPHONEOS_DEPLOYMENT_TARGET = 17.0;
				LD_RUNPATH_SEARCH_PATHS = (
					"$(inherited)",
					"@executable_path/Frameworks",
				);
				MARKETING_VERSION = 1.0.0;
				PRODUCT_BUNDLE_IDENTIFIER = co.esekiels.cinelex;
				PRODUCT_NAME = "$(TARGET_NAME)";
				STRING_CATALOG_GENERATE_SYMBOLS = YES;
				SUPPORTED_PLATFORMS = "iphoneos iphonesimulator";
				SUPPORTS_MACCATALYST = NO;
				SUPPORTS_MAC_DESIGNED_FOR_IPHONE_IPAD = NO;
				SUPPORTS_XR_DESIGNED_FOR_IPHONE_IPAD = NO;
				SWIFT_APPROACHABLE_CONCURRENCY = YES;
				SWIFT_DEFAULT_ACTOR_ISOLATION = MainActor;
				SWIFT_EMIT_LOC_STRINGS = YES;
				SWIFT_UPCOMING_FEATURE_MEMBER_IMPORT_VISIBILITY = YES;
				SWIFT_VERSION = 5.0;
				TARGETED_DEVICE_FAMILY = 1;
			};
			name = Debug;
		};
		BF2396B72F39B02C0085016E /* Release */ = {
			isa = XCBuildConfiguration;
			baseConfigurationReferenceAnchor = BF2396962F39B02A0085016E /* Cinelex */;
			baseConfigurationReferenceRelativePath = Config.xcconfig;
			buildSettings = {
				ASSETCATALOG_COMPILER_APPICON_NAME = AppIcon;
				ASSETCATALOG_COMPILER_GLOBAL_ACCENT_COLOR_NAME = AccentColor;
				CODE_SIGN_STYLE = Automatic;
				CURRENT_PROJECT_VERSION = 1;
				DEVELOPMENT_TEAM = W3UM55KY7Y;
				ENABLE_PREVIEWS = YES;
				ENABLE_USER_SCRIPT_SANDBOXING = NO;
				GENERATE_INFOPLIST_FILE = YES;
				INFOPLIST_FILE = Cinelex/Info.plist;
				INFOPLIST_KEY_UIApplicationSceneManifest_Generation = YES;
				INFOPLIST_KEY_UIApplicationSupportsIndirectInputEvents = YES;
				INFOPLIST_KEY_UILaunchScreen_Generation = YES;
				INFOPLIST_KEY_UISupportedInterfaceOrientations = UIInterfaceOrientationPortrait;
				INFOPLIST_KEY_UISupportedInterfaceOrientations_iPad = "UIInterfaceOrientationLandscapeLeft UIInterfaceOrientationLandscapeRight UIInterfaceOrientationPortrait UIInterfaceOrientationPortraitUpsideDown";
				IPHONEOS_DEPLOYMENT_TARGET = 17.0;
				LD_RUNPATH_SEARCH_PATHS = (
					"$(inherited)",
					"@executable_path/Frameworks",
				);
				MARKETING_VERSION = 1.0.0;
				PRODUCT_BUNDLE_IDENTIFIER = co.esekiels.cinelex;
				PRODUCT_NAME = "$(TARGET_NAME)";
				STRING_CATALOG_GENERATE_SYMBOLS = YES;
				SUPPORTED_PLATFORMS = "iphoneos iphonesimulator";
				SUPPORTS_MACCATALYST = NO;
				SUPPORTS_MAC_DESIGNED_FOR_IPHONE_IPAD = NO;
				SUPPORTS_XR_DESIGNED_FOR_IPHONE_IPAD = NO;
				SWIFT_APPROACHABLE_CONCURRENCY = YES;
				SWIFT_DEFAULT_ACTOR_ISOLATION = MainActor;
				SWIFT_EMIT_LOC_STRINGS = YES;
				SWIFT_UPCOMING_FEATURE_MEMBER_IMPORT_VISIBILITY = YES;
				SWIFT_VERSION = 5.0;
				TARGETED_DEVICE_FAMILY = 1;
			};
			name = Release;
		};
		BF2396B92F39B02C0085016E /* Debug */ = {
			isa = XCBuildConfiguration;
			buildSettings = {
				BUNDLE_LOADER = "$(TEST_HOST)";
				CODE_SIGN_STYLE = Automatic;
				CURRENT_PROJECT_VERSION = 1;
				DEVELOPMENT_TEAM = W3UM55KY7Y;
				GENERATE_INFOPLIST_FILE = YES;
				IPHONEOS_DEPLOYMENT_TARGET = 26.2;
				MARKETING_VERSION = 1.0;
				PRODUCT_BUNDLE_IDENTIFIER = co.esekiels.CinelexTests;
				PRODUCT_NAME = "$(TARGET_NAME)";
				STRING_CATALOG_GENERATE_SYMBOLS = NO;
				SWIFT_APPROACHABLE_CONCURRENCY = YES;
				SWIFT_EMIT_LOC_STRINGS = NO;
				SWIFT_UPCOMING_FEATURE_MEMBER_IMPORT_VISIBILITY = YES;
				SWIFT_VERSION = 5.0;
				TARGETED_DEVICE_FAMILY = "1,2";
				TEST_HOST = "$(BUILT_PRODUCTS_DIR)/Cinelex.app/$(BUNDLE_EXECUTABLE_FOLDER_PATH)/Cinelex";
			};
			name = Debug;
		};
		BF2396BA2F39B02C0085016E /* Release */ = {
			isa = XCBuildConfiguration;
			buildSettings = {
				BUNDLE_LOADER = "$(TEST_HOST)";
				CODE_SIGN_STYLE = Automatic;
				CURRENT_PROJECT_VERSION = 1;
				DEVELOPMENT_TEAM = W3UM55KY7Y;
				GENERATE_INFOPLIST_FILE = YES;
				IPHONEOS_DEPLOYMENT_TARGET = 26.2;
				MARKETING_VERSION = 1.0;
				PRODUCT_BUNDLE_IDENTIFIER = co.esekiels.CinelexTests;
				PRODUCT_NAME = "$(TARGET_NAME)";
				STRING_CATALOG_GENERATE_SYMBOLS = NO;
				SWIFT_APPROACHABLE_CONCURRENCY = YES;
				SWIFT_EMIT_LOC_STRINGS = NO;
				SWIFT_UPCOMING_FEATURE_MEMBER_IMPORT_VISIBILITY = YES;
				SWIFT_VERSION = 5.0;
				TARGETED_DEVICE_FAMILY = "1,2";
				TEST_HOST = "$(BUILT_PRODUCTS_DIR)/Cinelex.app/$(BUNDLE_EXECUTABLE_FOLDER_PATH)/Cinelex";
			};
			name = Release;
		};
		BF2396BC2F39B02C0085016E /* Debug */ = {
			isa = XCBuildConfiguration;
			buildSettings = {
				CODE_SIGN_STYLE = Automatic;
				CURRENT_PROJECT_VERSION = 1;
				DEVELOPMENT_TEAM = W3UM55KY7Y;
				GENERATE_INFOPLIST_FILE = YES;
				MARKETING_VERSION = 1.0;
				PRODUCT_BUNDLE_IDENTIFIER = co.esekiels.CinelexUITests;
				PRODUCT_NAME = "$(TARGET_NAME)";
				STRING_CATALOG_GENERATE_SYMBOLS = NO;
				SWIFT_APPROACHABLE_CONCURRENCY = YES;
				SWIFT_EMIT_LOC_STRINGS = NO;
				SWIFT_UPCOMING_FEATURE_MEMBER_IMPORT_VISIBILITY = YES;
				SWIFT_VERSION = 5.0;
				TARGETED_DEVICE_FAMILY = "1,2";
				TEST_TARGET_NAME = Cinelex;
			};
			name = Debug;
		};
		BF2396BD2F39B02C0085016E /* Release */ = {
			isa = XCBuildConfiguration;
			buildSettings = {
				CODE_SIGN_STYLE = Automatic;
				CURRENT_PROJECT_VERSION = 1;
				DEVELOPMENT_TEAM = W3UM55KY7Y;
				GENERATE_INFOPLIST_FILE = YES;
				MARKETING_VERSION = 1.0;
				PRODUCT_BUNDLE_IDENTIFIER = co.esekiels.CinelexUITests;
				PRODUCT_NAME = "$(TARGET_NAME)";
				STRING_CATALOG_GENERATE_SYMBOLS = NO;
				SWIFT_APPROACHABLE_CONCURRENCY = YES;
				SWIFT_EMIT_LOC_STRINGS = NO;
				SWIFT_UPCOMING_FEATURE_MEMBER_IMPORT_VISIBILITY = YES;
				SWIFT_VERSION = 5.0;
				TARGETED_DEVICE_FAMILY = "1,2";
				TEST_TARGET_NAME = Cinelex;
			};
			name = Release;
		};
/* End XCBuildConfiguration section */

/* Begin XCConfigurationList section */
		BF23968F2F39B02A0085016E /* Build configuration list for PBXProject "Cinelex" */ = {
			isa = XCConfigurationList;
			buildConfigurations = (
				BF2396B32F39B02C0085016E /* Debug */,
				BF2396B42F39B02C0085016E /* Release */,
			);
			defaultConfigurationIsVisible = 0;
			defaultConfigurationName = Release;
		};
		BF2396B52F39B02C0085016E /* Build configuration list for PBXNativeTarget "Cinelex" */ = {
			isa = XCConfigurationList;
			buildConfigurations = (
				BF2396B62F39B02C0085016E /* Debug */,
				BF2396B72F39B02C0085016E /* Release */,
			);
			defaultConfigurationIsVisible = 0;
			defaultConfigurationName = Release;
		};
		BF2396B82F39B02C0085016E /* Build configuration list for PBXNativeTarget "CinelexTests" */ = {
			isa = XCConfigurationList;
			buildConfigurations = (
				BF2396B92F39B02C0085016E /* Debug */,
				BF2396BA2F39B02C0085016E /* Release */,
			);
			defaultConfigurationIsVisible = 0;
			defaultConfigurationName = Release;
		};
		BF2396BB2F39B02C0085016E /* Build configuration list for PBXNativeTarget "CinelexUITests" */ = {
			isa = XCConfigurationList;
			buildConfigurations = (
				BF2396BC2F39B02C0085016E /* Debug */,
				BF2396BD2F39B02C0085016E /* Release */,
			);
			defaultConfigurationIsVisible = 0;
			defaultConfigurationName = Release;
		};
/* End XCConfigurationList section */

/* Begin XCRemoteSwiftPackageReference section */
		BF5826C02F3A35830035D267 /* XCRemoteSwiftPackageReference "Kingfisher" */ = {
			isa = XCRemoteSwiftPackageReference;
			repositoryURL = "https://github.com/onevcat/Kingfisher.git";
			requirement = {
				kind = upToNextMajorVersion;
				minimumVersion = 8.6.2;
			};
		};
		BFDDD34B2F39E2D90040B38B /* XCRemoteSwiftPackageReference "SwiftLint" */ = {
			isa = XCRemoteSwiftPackageReference;
			repositoryURL = "https://github.com/realm/SwiftLint";
			requirement = {
				kind = upToNextMajorVersion;
				minimumVersion = 0.63.2;
			};
		};
/* End XCRemoteSwiftPackageReference section */

/* Begin XCSwiftPackageProductDependency section */
		BF1D5FDF2F39E958002DE60B /* Splash */ = {
			isa = XCSwiftPackageProductDependency;
			productName = Splash;
		};
		BF5826BE2F3A23A00035D267 /* Home */ = {
			isa = XCSwiftPackageProductDependency;
			productName = Home;
		};
		BF5826C12F3A35830035D267 /* Kingfisher */ = {
			isa = XCSwiftPackageProductDependency;
			package = BF5826C02F3A35830035D267 /* XCRemoteSwiftPackageReference "Kingfisher" */;
			productName = Kingfisher;
		};
/* End XCSwiftPackageProductDependency section */
	};
	rootObject = BF23968C2F39B02A0085016E /* Project object */;
}
